// !$*UTF8*$!
{
	archiveVersion = 1;
	classes = {
	};
	objectVersion = 46;
	objects = {

/* Begin PBXBuildFile section */
		F1265CF41B95D6D7008E6510 /* P55.swift in Sources */ = {isa = PBXBuildFile; fileRef = F1265CF31B95D6D7008E6510 /* P55.swift */; };
		F15D724E1BAE441C002A0FEF /* P57.swift in Sources */ = {isa = PBXBuildFile; fileRef = F15D724D1BAE441C002A0FEF /* P57.swift */; settings = {ASSET_TAGS = (); }; };
		F17E09FB1BA9F08D005DD9CF /* P56.swift in Sources */ = {isa = PBXBuildFile; fileRef = F17E09FA1BA9F08D005DD9CF /* P56.swift */; settings = {ASSET_TAGS = (); }; };
		F17E09FD1BAA1F59005DD9CF /* BigInt.swift in Sources */ = {isa = PBXBuildFile; fileRef = F17E09FC1BAA1F59005DD9CF /* BigInt.swift */; settings = {ASSET_TAGS = (); }; };
		F1BD76A01B7934DD00D68121 /* PECommon.swift in Sources */ = {isa = PBXBuildFile; fileRef = F1BD769F1B7934DA00D68121 /* PECommon.swift */; };
		F1BD76A71B793A4200D68121 /* main.swift in Sources */ = {isa = PBXBuildFile; fileRef = F1BD76A61B793A4200D68121 /* main.swift */; };
		F1BD76A81B793A4B00D68121 /* P50.swift in Sources */ = {isa = PBXBuildFile; fileRef = F1BD76A51B793A1D00D68121 /* P50.swift */; };
		F1CC33FE1B82C08000A5B1F0 /* P51.swift in Sources */ = {isa = PBXBuildFile; fileRef = F1CC33FD1B82C08000A5B1F0 /* P51.swift */; };
		F1D4DA981B8C05090029139A /* P53.swift in Sources */ = {isa = PBXBuildFile; fileRef = F1D4DA971B8C05090029139A /* P53.swift */; };
		F1D98A581B8E8BDC00C317D5 /* P54.swift in Sources */ = {isa = PBXBuildFile; fileRef = F1D98A571B8E8BDC00C317D5 /* P54.swift */; };
		F1F59F281B8B422E004DFF12 /* P52.swift in Sources */ = {isa = PBXBuildFile; fileRef = F1F59F271B8B422D004DFF12 /* P52.swift */; };
/* End PBXBuildFile section */

/* Begin PBXCopyFilesBuildPhase section */
		F1BD76921B79349C00D68121 /* CopyFiles */ = {
			isa = PBXCopyFilesBuildPhase;
			buildActionMask = 2147483647;
			dstPath = /usr/share/man/man1/;
			dstSubfolderSpec = 0;
			files = (
			);
			runOnlyForDeploymentPostprocessing = 1;
		};
/* End PBXCopyFilesBuildPhase section */

/* Begin PBXFileReference section */
		F1265CF31B95D6D7008E6510 /* P55.swift */ = {isa = PBXFileReference; fileEncoding = 4; lastKnownFileType = sourcecode.swift; path = P55.swift; sourceTree = "<group>"; };
		F13442391B911D4200848038 /* Resources */ = {isa = PBXFileReference; lastKnownFileType = folder; path = Resources; sourceTree = SOURCE_ROOT; };
		F15D724D1BAE441C002A0FEF /* P57.swift */ = {isa = PBXFileReference; fileEncoding = 4; lastKnownFileType = sourcecode.swift; path = P57.swift; sourceTree = "<group>"; };
		F17E09FA1BA9F08D005DD9CF /* P56.swift */ = {isa = PBXFileReference; fileEncoding = 4; lastKnownFileType = sourcecode.swift; path = P56.swift; sourceTree = "<group>"; };
		F17E09FC1BAA1F59005DD9CF /* BigInt.swift */ = {isa = PBXFileReference; fileEncoding = 4; lastKnownFileType = sourcecode.swift; path = BigInt.swift; sourceTree = "<group>"; };
		F1BD76941B79349C00D68121 /* PE-Swift */ = {isa = PBXFileReference; explicitFileType = "compiled.mach-o.executable"; includeInIndex = 0; path = "PE-Swift"; sourceTree = BUILT_PRODUCTS_DIR; };
		F1BD769F1B7934DA00D68121 /* PECommon.swift */ = {isa = PBXFileReference; lastKnownFileType = sourcecode.swift; path = PECommon.swift; sourceTree = "<group>"; };
		F1BD76A51B793A1D00D68121 /* P50.swift */ = {isa = PBXFileReference; lastKnownFileType = sourcecode.swift; path = P50.swift; sourceTree = "<group>"; };
		F1BD76A61B793A4200D68121 /* main.swift */ = {isa = PBXFileReference; fileEncoding = 4; lastKnownFileType = sourcecode.swift; path = main.swift; sourceTree = "<group>"; };
		F1CC33FD1B82C08000A5B1F0 /* P51.swift */ = {isa = PBXFileReference; fileEncoding = 4; lastKnownFileType = sourcecode.swift; path = P51.swift; sourceTree = "<group>"; };
		F1D4DA971B8C05090029139A /* P53.swift */ = {isa = PBXFileReference; fileEncoding = 4; lastKnownFileType = sourcecode.swift; path = P53.swift; sourceTree = "<group>"; };
		F1D98A571B8E8BDC00C317D5 /* P54.swift */ = {isa = PBXFileReference; fileEncoding = 4; lastKnownFileType = sourcecode.swift; path = P54.swift; sourceTree = "<group>"; };
		F1F59F271B8B422D004DFF12 /* P52.swift */ = {isa = PBXFileReference; fileEncoding = 4; lastKnownFileType = sourcecode.swift; path = P52.swift; sourceTree = "<group>"; };
/* End PBXFileReference section */

/* Begin PBXFrameworksBuildPhase section */
		F1BD76911B79349C00D68121 /* Frameworks */ = {
			isa = PBXFrameworksBuildPhase;
			buildActionMask = 2147483647;
			files = (
			);
			runOnlyForDeploymentPostprocessing = 0;
		};
/* End PBXFrameworksBuildPhase section */

/* Begin PBXGroup section */
		F1BD768B1B79349C00D68121 = {
			isa = PBXGroup;
			children = (
				F1BD76A61B793A4200D68121 /* main.swift */,
				F1BD769E1B7934DA00D68121 /* Common */,
				F1BD76A41B793A1D00D68121 /* Solutions */,
				F13442391B911D4200848038 /* Resources */,
				F1BD76951B79349C00D68121 /* Products */,
			);
			sourceTree = "<group>";
		};
		F1BD76951B79349C00D68121 /* Products */ = {
			isa = PBXGroup;
			children = (
				F1BD76941B79349C00D68121 /* PE-Swift */,
			);
			name = Products;
			sourceTree = "<group>";
		};
		F1BD769E1B7934DA00D68121 /* Common */ = {
			isa = PBXGroup;
			children = (
				F1BD769F1B7934DA00D68121 /* PECommon.swift */,
				F17E09FC1BAA1F59005DD9CF /* BigInt.swift */,
			);
			path = Common;
			sourceTree = "<group>";
		};
		F1BD76A41B793A1D00D68121 /* Solutions */ = {
			isa = PBXGroup;
			children = (
				F1BD76A51B793A1D00D68121 /* P50.swift */,
				F1CC33FD1B82C08000A5B1F0 /* P51.swift */,
				F1F59F271B8B422D004DFF12 /* P52.swift */,
				F1D4DA971B8C05090029139A /* P53.swift */,
				F1D98A571B8E8BDC00C317D5 /* P54.swift */,
				F1265CF31B95D6D7008E6510 /* P55.swift */,
				F17E09FA1BA9F08D005DD9CF /* P56.swift */,
				F15D724D1BAE441C002A0FEF /* P57.swift */,
			);
			path = Solutions;
			sourceTree = "<group>";
		};
/* End PBXGroup section */

/* Begin PBXNativeTarget section */
		F1BD76931B79349C00D68121 /* PE-Swift */ = {
			isa = PBXNativeTarget;
			buildConfigurationList = F1BD769B1B79349C00D68121 /* Build configuration list for PBXNativeTarget "PE-Swift" */;
			buildPhases = (
				F1BD76901B79349C00D68121 /* Sources */,
				F1BD76911B79349C00D68121 /* Frameworks */,
				F1BD76921B79349C00D68121 /* CopyFiles */,
			);
			buildRules = (
			);
			dependencies = (
			);
			name = "PE-Swift";
			productName = "PE-Swift";
			productReference = F1BD76941B79349C00D68121 /* PE-Swift */;
			productType = "com.apple.product-type.tool";
		};
/* End PBXNativeTarget section */

/* Begin PBXProject section */
		F1BD768C1B79349C00D68121 /* Project object */ = {
			isa = PBXProject;
			attributes = {
				LastSwiftMigration = 0700;
				LastSwiftUpdateCheck = 0700;
				LastUpgradeCheck = 0640;
				ORGANIZATIONNAME = "Jerry Yu";
				TargetAttributes = {
					F1BD76931B79349C00D68121 = {
						CreatedOnToolsVersion = 6.4;
					};
				};
			};
			buildConfigurationList = F1BD768F1B79349C00D68121 /* Build configuration list for PBXProject "PE-Swift" */;
			compatibilityVersion = "Xcode 3.2";
			developmentRegion = English;
			hasScannedForEncodings = 0;
			knownRegions = (
				en,
			);
			mainGroup = F1BD768B1B79349C00D68121;
			productRefGroup = F1BD76951B79349C00D68121 /* Products */;
			projectDirPath = "";
			projectRoot = "";
			targets = (
				F1BD76931B79349C00D68121 /* PE-Swift */,
			);
		};
/* End PBXProject section */

/* Begin PBXSourcesBuildPhase section */
		F1BD76901B79349C00D68121 /* Sources */ = {
			isa = PBXSourcesBuildPhase;
			buildActionMask = 2147483647;
			files = (
				F1BD76A71B793A4200D68121 /* main.swift in Sources */,
				F1D4DA981B8C05090029139A /* P53.swift in Sources */,
				F1BD76A01B7934DD00D68121 /* PECommon.swift in Sources */,
				F1D98A581B8E8BDC00C317D5 /* P54.swift in Sources */,
				F17E09FD1BAA1F59005DD9CF /* BigInt.swift in Sources */,
				F1F59F281B8B422E004DFF12 /* P52.swift in Sources */,
				F1CC33FE1B82C08000A5B1F0 /* P51.swift in Sources */,
				F1265CF41B95D6D7008E6510 /* P55.swift in Sources */,
				F1BD76A81B793A4B00D68121 /* P50.swift in Sources */,
				F15D724E1BAE441C002A0FEF /* P57.swift in Sources */,
				F17E09FB1BA9F08D005DD9CF /* P56.swift in Sources */,
			);
			runOnlyForDeploymentPostprocessing = 0;
		};
/* End PBXSourcesBuildPhase section */

/* Begin XCBuildConfiguration section */
		F1BD76991B79349C00D68121 /* Debug */ = {
			isa = XCBuildConfiguration;
			buildSettings = {
				ALWAYS_SEARCH_USER_PATHS = NO;
				CLANG_CXX_LANGUAGE_STANDARD = "gnu++0x";
				CLANG_CXX_LIBRARY = "libc++";
				CLANG_ENABLE_MODULES = YES;
				CLANG_ENABLE_OBJC_ARC = YES;
				CLANG_WARN_BOOL_CONVERSION = YES;
				CLANG_WARN_CONSTANT_CONVERSION = YES;
				CLANG_WARN_DIRECT_OBJC_ISA_USAGE = YES_ERROR;
				CLANG_WARN_EMPTY_BODY = YES;
				CLANG_WARN_ENUM_CONVERSION = YES;
				CLANG_WARN_INT_CONVERSION = YES;
				CLANG_WARN_OBJC_ROOT_CLASS = YES_ERROR;
				CLANG_WARN_UNREACHABLE_CODE = YES;
				CLANG_WARN__DUPLICATE_METHOD_MATCH = YES;
				COPY_PHASE_STRIP = NO;
				DEBUG_INFORMATION_FORMAT = dwarf;
				ENABLE_STRICT_OBJC_MSGSEND = YES;
				GCC_C_LANGUAGE_STANDARD = gnu99;
				GCC_DYNAMIC_NO_PIC = NO;
				GCC_NO_COMMON_BLOCKS = YES;
				GCC_OPTIMIZATION_LEVEL = 0;
				GCC_PREPROCESSOR_DEFINITIONS = (
					"DEBUG=1",
					"$(inherited)",
				);
				GCC_SYMBOLS_PRIVATE_EXTERN = NO;
				GCC_WARN_64_TO_32_BIT_CONVERSION = YES;
				GCC_WARN_ABOUT_RETURN_TYPE = YES_ERROR;
				GCC_WARN_UNDECLARED_SELECTOR = YES;
				GCC_WARN_UNINITIALIZED_AUTOS = YES_AGGRESSIVE;
				GCC_WARN_UNUSED_FUNCTION = YES;
				GCC_WARN_UNUSED_VARIABLE = YES;
				MACOSX_DEPLOYMENT_TARGET = 10.10;
				MTL_ENABLE_DEBUG_INFO = YES;
				ONLY_ACTIVE_ARCH = YES;
				SDKROOT = macosx;
				SWIFT_OPTIMIZATION_LEVEL = "-Onone";
			};
			name = Debug;
		};
		F1BD769A1B79349C00D68121 /* Release */ = {
			isa = XCBuildConfiguration;
			buildSettings = {
				ALWAYS_SEARCH_USER_PATHS = NO;
				CLANG_CXX_LANGUAGE_STANDARD = "gnu++0x";
				CLANG_CXX_LIBRARY = "libc++";
				CLANG_ENABLE_MODULES = YES;
				CLANG_ENABLE_OBJC_ARC = YES;
				CLANG_WARN_BOOL_CONVERSION = YES;
				CLANG_WARN_CONSTANT_CONVERSION = YES;
				CLANG_WARN_DIRECT_OBJC_ISA_USAGE = YES_ERROR;
				CLANG_WARN_EMPTY_BODY = YES;
				CLANG_WARN_ENUM_CONVERSION = YES;
				CLANG_WARN_INT_CONVERSION = YES;
				CLANG_WARN_OBJC_ROOT_CLASS = YES_ERROR;
				CLANG_WARN_UNREACHABLE_CODE = YES;
				CLANG_WARN__DUPLICATE_METHOD_MATCH = YES;
				COPY_PHASE_STRIP = NO;
				DEBUG_INFORMATION_FORMAT = "dwarf-with-dsym";
				ENABLE_NS_ASSERTIONS = NO;
				ENABLE_STRICT_OBJC_MSGSEND = YES;
				GCC_C_LANGUAGE_STANDARD = gnu99;
				GCC_NO_COMMON_BLOCKS = YES;
				GCC_WARN_64_TO_32_BIT_CONVERSION = YES;
				GCC_WARN_ABOUT_RETURN_TYPE = YES_ERROR;
				GCC_WARN_UNDECLARED_SELECTOR = YES;
				GCC_WARN_UNINITIALIZED_AUTOS = YES_AGGRESSIVE;
				GCC_WARN_UNUSED_FUNCTION = YES;
				GCC_WARN_UNUSED_VARIABLE = YES;
				MACOSX_DEPLOYMENT_TARGET = 10.10;
				MTL_ENABLE_DEBUG_INFO = NO;
				SDKROOT = macosx;
			};
			name = Release;
		};
		F1BD769C1B79349C00D68121 /* Debug */ = {
			isa = XCBuildConfiguration;
			buildSettings = {
				PRODUCT_NAME = "$(TARGET_NAME)";
			};
			name = Debug;
		};
		F1BD769D1B79349C00D68121 /* Release */ = {
			isa = XCBuildConfiguration;
			buildSettings = {
				PRODUCT_NAME = "$(TARGET_NAME)";
			};
			name = Release;
		};
/* End XCBuildConfiguration section */

/* Begin XCConfigurationList section */
		F1BD768F1B79349C00D68121 /* Build configuration list for PBXProject "PE-Swift" */ = {
			isa = XCConfigurationList;
			buildConfigurations = (
				F1BD76991B79349C00D68121 /* Debug */,
				F1BD769A1B79349C00D68121 /* Release */,
			);
			defaultConfigurationIsVisible = 0;
			defaultConfigurationName = Release;
		};
		F1BD769B1B79349C00D68121 /* Build configuration list for PBXNativeTarget "PE-Swift" */ = {
			isa = XCConfigurationList;
			buildConfigurations = (
				F1BD769C1B79349C00D68121 /* Debug */,
				F1BD769D1B79349C00D68121 /* Release */,
			);
			defaultConfigurationIsVisible = 0;
			defaultConfigurationName = Release;
		};
/* End XCConfigurationList section */
	};
	rootObject = F1BD768C1B79349C00D68121 /* Project object */;
}
